lockfileVersion: '9.0'

settings:
  autoInstallPeers: true
  excludeLinksFromLockfile: false

importers:

  .:
    devDependencies:
      typescript:
        specifier: ^5.9.3
        version: 5.9.3

  apps/server:
    dependencies:
      '@hono/node-server':
        specifier: ^1.15.0
        version: 1.19.15(hono@4.12.32)
      hono:
        specifier: ^4.9.0
        version: 4.12.32
      vfile:
        specifier: ^6.0.3
        version: 6.0.3
      vfile-matter:
        specifier: ^5.0.1
        version: 5.0.1
      ws:
        specifier: ^8.18.0
        version: 8.21.1
      yaml:
        specifier: ^2.9.0
        version: 2.9.0
    devDependencies:
      '@types/node':
        specifier: ^22.15.0
        version: 22.20.1
      '@types/ws':
        specifier: ^8.18.0
        version: 8.18.1
      typescript:
        specifier: ^5.9.3
        version: 5.9.3

packages:

  '@hono/node-server@1.19.15':
    resolution: {integrity: sha512-Za2ai6TLdKjUvnur+eenO6nuYYipVAEhyCAdaV8IRvmU9kK8crOZUSYvIXn72E4f8fJqyAbpcJuTsYYmZp9Deg==}
    engines: {node: '>=18.14.1'}
    peerDependencies:
      hono: ^4

  '@types/node@22.20.1':
    resolution: {integrity: sha512-EANqOCF9QFyra+4pfxUcX9STKJpCLjMbObVzljIJomAWSnuSIEAvyzEU53GaajbXJEgdh0iEcPL+DGvpUd4k1Q==}

  '@types/unist@3.0.3':
    resolution: {integrity: sha512-ko/gIFJRv177XgZsZcBwnqJN5x/Gien8qNOn0D5bQU/zAzVf9Zt3BlcUiLqhV9y4ARk0GbT3tnUiPNgnTXzc/Q==}

  '@types/ws@8.18.1':
    resolution: {integrity: sha512-ThVF6DCVhA8kUGy+aazFQ4kXQ7E1Ty7A3ypFOe0IcJV8O/M511G99AW24irKrW56Wt44yG9+ij8FaqoBGkuBXg==}

  hono@4.12.32:
    resolution: {integrity: sha512-XcuyW9qE2kJn07PkecMOBd5Vq/hMy7mmGw+idz1yblbg9N17ijJODrvPkn7/dwL3Kulj8LcRJ69DLOWf91dRUg==}
    engines: {node: '>=16.9.0'}

  typescript@5.9.3:
    resolution: {integrity: sha512-jl1vZzPDinLr9eUt3J/t7V6FgNEw9QjvBPdysz9KfQDD41fQrC2Y4vKQdiaUpFT4bXlb1RHhLpp8wtm6M5TgSw==}
    engines: {node: '>=14.17'}
    hasBin: true

  undici-types@6.21.0:
    resolution: {integrity: sha512-iwDZqg0QAGrg9Rav5H4n0M64c3mkR59cJ6wQp+7C4nI0gsmExaedaYLNO44eT4AtBBwjbTiGPMlt2Md0T9H9JQ==}

  unist-util-stringify-position@4.0.0:
    resolution: {integrity: sha512-0ASV06AAoKCDkS2+xw5RXJywruurpbC4JZSm7nr7MOt1ojAzvyyaO+UxZf18j8FCF6kmzCZKcAgN/yu2gm2XgQ==}

  vfile-matter@5.0.1:
    resolution: {integrity: sha512-o6roP82AiX0XfkyTHyRCMXgHfltUNlXSEqCIS80f+mbAyiQBE2fxtDVMtseyytGx75sihiJFo/zR6r/4LTs2Cw==}

  vfile-message@4.0.3:
    resolution: {integrity: sha512-QTHzsGd1EhbZs4AsQ20JX1rC3cOlt/IWJruk893DfLRr57lcnOeMaWG4K0JrRta4mIJZKth2Au3mM3u03/JWKw==}

  vfile@6.0.3:
    resolution: {integrity: sha512-KzIbH/9tXat2u30jf+smMwFCsno4wHVdNmzFyL+T/L3UGqqk6JKfVqOFOZEpZSHADH1k40ab6NUIXZq422ov3Q==}

  ws@8.21.1:
    resolution: {integrity: sha512-+0NTnW77fFN/DjQi6k/Sq/Yvk4Sgajw7urW8V+asjXnRgDs9gyGkdb7EzgfhA4goXsRIZKE28fzIXBHEzhuiWw==}
    engines: {node: '>=10.0.0'}
    peerDependencies:
      bufferutil: ^4.0.1
      utf-8-validate: '>=5.0.2'
    peerDependenciesMeta:
      bufferutil:
        optional: true
      utf-8-validate:
        optional: true

  yaml@2.9.0:
    resolution: {integrity: sha512-2AvhNX3mb8zd6Zy7INTtSpl1F15HW6Wnqj0srWlkKLcpYl/gMIMJiyuGq2KeI2YFxUPjdlB+3Lc10seMLtL4cA==}
    engines: {node: '>= 14.6'}
    hasBin: true

snapshots:

  '@hono/node-server@1.19.15(hono@4.12.32)':
    dependencies:
      hono: 4.12.32

  '@types/node@22.20.1':
    dependencies:
      undici-types: 6.21.0

  '@types/unist@3.0.3': {}

  '@types/ws@8.18.1':
    dependencies:
      '@types/node': 22.20.1

  hono@4.12.32: {}

  typescript@5.9.3: {}

  undici-types@6.21.0: {}

  unist-util-stringify-position@4.0.0:
    dependencies:
      '@types/unist': 3.0.3

  vfile-matter@5.0.1:
    dependencies:
      vfile: 6.0.3
      yaml: 2.9.0

  vfile-message@4.0.3:
    dependencies:
      '@types/unist': 3.0.3
      unist-util-stringify-position: 4.0.0

  vfile@6.0.3:
    dependencies:
      '@types/unist': 3.0.3
      vfile-message: 4.0.3

  ws@8.21.1: {}

  yaml@2.9.0: {}
